
Microsoft Visual Studio Solution File, Format Version 12.00
# Visual Studio Version 17
VisualStudioVersion = 17.9.34723.18
MinimumVisualStudioVersion = 10.0.40219.1
Project("{FAE04EC0-301F-11D3-BF4B-00C04F79EFBC}") = "Promethuse", "Promethuse\Promethuse.csproj", "{2D7A34F2-42DC-4D8C-BDB2-70AFE81AFA89}"
EndProject
Project("{E53339B2-1760-4266-BCC7-CA923CBCF16C}") = "docker-compose", "docker-compose.dcproj", "{0FDC2D77-6373-44F0-872D-862A4A9E6D3A}"
EndProject
Global
	GlobalSection(SolutionConfigurationPlatforms) = preSolution
		Debug|Any CPU = Debug|Any CPU
		Release|Any CPU = Release|Any CPU
	EndGlobalSection
	GlobalSection(ProjectConfigurationPlatforms) = postSolution
		{2D7A34F2-42DC-4D8C-BDB2-70AFE81AFA89}.Debug|Any CPU.ActiveCfg = Debug|Any CPU
		{2D7A34F2-42DC-4D8C-BDB2-70AFE81AFA89}.Debug|Any CPU.Build.0 = Debug|Any CPU
		{2D7A34F2-42DC-4D8C-BDB2-70AFE81AFA89}.Release|Any CPU.ActiveCfg = Release|Any CPU
		{2D7A34F2-42DC-4D8C-BDB2-70AFE81AFA89}.Release|Any CPU.Build.0 = Release|Any CPU
		{0FDC2D77-6373-44F0-872D-862A4A9E6D3A}.Debug|Any CPU.ActiveCfg = Debug|Any CPU
		{0FDC2D77-6373-44F0-872D-862A4A9E6D3A}.Debug|Any CPU.Build.0 = Debug|Any CPU
		{0FDC2D77-6373-44F0-872D-862A4A9E6D3A}.Release|Any CPU.ActiveCfg = Release|Any CPU
		{0FDC2D77-6373-44F0-872D-862A4A9E6D3A}.Release|Any CPU.Build.0 = Release|Any CPU
	EndGlobalSection
	GlobalSection(SolutionProperties) = preSolution
		HideSolutionNode = FALSE
	EndGlobalSection
	GlobalSection(ExtensibilityGlobals) = postSolution
		SolutionGuid = {3841494C-6F29-4D83-9620-19EC8015856C}
	EndGlobalSection
EndGlobal
